{
  "name": "egret-ngraph",
  "version": "1.0.0",
  "lockfileVersion": 1,
  "requires": true,
  "dependencies": {
    "ngraph.events": {
      "version": "0.0.3",
      "resolved": "https://registry.npmjs.org/ngraph.events/-/ngraph.events-0.0.3.tgz",
      "integrity": "sha1-OPVTFvPSB61jH/lPZiLKjywOh9A="
    },
    "ngraph.graph": {
      "version": "0.0.15",
      "resolved": "https://registry.npmjs.org/ngraph.graph/-/ngraph.graph-0.0.15.tgz",
      "integrity": "sha512-XOwLxddsB6a68WP2UKuLdyc3uceNGY3s3q93XJEuX2w87k0iLZDebq+jy35nmf9CnfDKB8J1E+rvLTfDNJ5MQQ==",
      "requires": {
        "ngraph.events": "0.0.3"
      }
    },
    "ngraph.path": {
      "version": "1.0.3",
      "resolved": "https://registry.npmjs.org/ngraph.path/-/ngraph.path-1.0.3.tgz",
      "integrity": "sha512-AWdsSPIXqpwyB62rzK0jJ9le10fqDNdFysE8c0T7T6vaERlHh7t5ClXKKkatVDXzTy4cc+4F+PD81/dLtIaa1Q=="
    }
  }
}
